dependencies:
- name: postgresql
  repository: oci://registry-1.docker.io/bitnamicharts
  version: 16.7.27
- name: common
  repository: oci://registry-1.docker.io/bitnamicharts
  version: 2.40.0
digest: sha256:a9256d1f51493b6045f713940a28e7cb3060386e8cb0ef4b297685a7912e56e1
generated: "2026-05-26T20:03:31.259417+05:30"
